
Microsoft Visual Studio Solution File, Format Version 12.00
# Visual Studio 15
Project("{F2A71F9B-5D33-465A-A702-920D77279786}") = "DemoCodeTests", "DemoCodeTests\DemoCodeTests.fsproj", "{A3EFDBA8-0EA4-46BE-A0F6-5BD07E609885}"
EndProject
Global
	GlobalSection(SolutionConfigurationPlatforms) = preSolution
		Debug|Any CPU = Debug|Any CPU
		Release|Any CPU = Release|Any CPU
	EndGlobalSection
	GlobalSection(ProjectConfigurationPlatforms) = postSolution
		{1CA7D0EA-77F3-43B7-A5D7-4427BABC9AFE}.Debug|Any CPU.ActiveCfg = Debug|Any CPU
		{1CA7D0EA-77F3-43B7-A5D7-4427BABC9AFE}.Debug|Any CPU.Build.0 = Debug|Any CPU
		{1CA7D0EA-77F3-43B7-A5D7-4427BABC9AFE}.Release|Any CPU.ActiveCfg = Release|Any CPU
		{1CA7D0EA-77F3-43B7-A5D7-4427BABC9AFE}.Release|Any CPU.Build.0 = Release|Any CPU
		{A3EFDBA8-0EA4-46BE-A0F6-5BD07E609885}.Debug|Any CPU.ActiveCfg = Debug|Any CPU
		{A3EFDBA8-0EA4-46BE-A0F6-5BD07E609885}.Debug|Any CPU.Build.0 = Debug|Any CPU
		{A3EFDBA8-0EA4-46BE-A0F6-5BD07E609885}.Release|Any CPU.ActiveCfg = Release|Any CPU
		{A3EFDBA8-0EA4-46BE-A0F6-5BD07E609885}.Release|Any CPU.Build.0 = Release|Any CPU
	EndGlobalSection
EndGlobal
